
Microsoft Visual Studio Solution File, Format Version 12.00
# Visual Studio 14
VisualStudioVersion = 14.0.25420.1
MinimumVisualStudioVersion = 10.0.40219.1
Project("{FAE04EC0-301F-11D3-BF4B-00C04F79EFBC}") = "TeduShop.Common", "TeduShop.Common\TeduShop.Common.csproj", "{90E094A4-F078-47E0-90E4-58C70DE3BDF4}"
EndProject
Project("{FAE04EC0-301F-11D3-BF4B-00C04F79EFBC}") = "TeduShop.Data", "TeduShop.Data\TeduShop.Data.csproj", "{E7339DA9-DCD4-4439-944A-E2D4A188CD4B}"
EndProject
Project("{FAE04EC0-301F-11D3-BF4B-00C04F79EFBC}") = "TeduShop.Model", "TeduShop.Model\TeduShop.Model.csproj", "{952DAFA7-DE89-4A23-9BBD-117958612805}"
EndProject
Project("{FAE04EC0-301F-11D3-BF4B-00C04F79EFBC}") = "TeduShop.Service", "TeduShop.Service\TeduShop.Service.csproj", "{89C9D864-97C0-4C52-9F2E-91BCF398B266}"
EndProject
Project("{FAE04EC0-301F-11D3-BF4B-00C04F79EFBC}") = "TeduShop.Web", "TeduShop.Web\TeduShop.Web.csproj", "{2D447294-DA1D-40DB-B83B-C3671DDAA1C9}"
EndProject
Project("{FAE04EC0-301F-11D3-BF4B-00C04F79EFBC}") = "TeduShop.UnitTest", "TeduShop.UnitTest\TeduShop.UnitTest.csproj", "{0B3CA03C-AC98-4672-B561-1E60E261D00C}"
EndProject
Global
	GlobalSection(SolutionConfigurationPlatforms) = preSolution
		Debug|Any CPU = Debug|Any CPU
		Release|Any CPU = Release|Any CPU
	EndGlobalSection
	GlobalSection(ProjectConfigurationPlatforms) = postSolution
		{90E094A4-F078-47E0-90E4-58C70DE3BDF4}.Debug|Any CPU.ActiveCfg = Debug|Any CPU
		{90E094A4-F078-47E0-90E4-58C70DE3BDF4}.Debug|Any CPU.Build.0 = Debug|Any CPU
		{90E094A4-F078-47E0-90E4-58C70DE3BDF4}.Release|Any CPU.ActiveCfg = Release|Any CPU
		{90E094A4-F078-47E0-90E4-58C70DE3BDF4}.Release|Any CPU.Build.0 = Release|Any CPU
		{E7339DA9-DCD4-4439-944A-E2D4A188CD4B}.Debug|Any CPU.ActiveCfg = Debug|Any CPU
		{E7339DA9-DCD4-4439-944A-E2D4A188CD4B}.Debug|Any CPU.Build.0 = Debug|Any CPU
		{E7339DA9-DCD4-4439-944A-E2D4A188CD4B}.Release|Any CPU.ActiveCfg = Release|Any CPU
		{E7339DA9-DCD4-4439-944A-E2D4A188CD4B}.Release|Any CPU.Build.0 = Release|Any CPU
		{952DAFA7-DE89-4A23-9BBD-117958612805}.Debug|Any CPU.ActiveCfg = Debug|Any CPU
		{952DAFA7-DE89-4A23-9BBD-117958612805}.Debug|Any CPU.Build.0 = Debug|Any CPU
		{952DAFA7-DE89-4A23-9BBD-117958612805}.Release|Any CPU.ActiveCfg = Release|Any CPU
		{952DAFA7-DE89-4A23-9BBD-117958612805}.Release|Any CPU.Build.0 = Release|Any CPU
		{89C9D864-97C0-4C52-9F2E-91BCF398B266}.Debug|Any CPU.ActiveCfg = Debug|Any CPU
		{89C9D864-97C0-4C52-9F2E-91BCF398B266}.Debug|Any CPU.Build.0 = Debug|Any CPU
		{89C9D864-97C0-4C52-9F2E-91BCF398B266}.Release|Any CPU.ActiveCfg = Release|Any CPU
		{89C9D864-97C0-4C52-9F2E-91BCF398B266}.Release|Any CPU.Build.0 = Release|Any CPU
		{2D447294-DA1D-40DB-B83B-C3671DDAA1C9}.Debug|Any CPU.ActiveCfg = Debug|Any CPU
		{2D447294-DA1D-40DB-B83B-C3671DDAA1C9}.Debug|Any CPU.Build.0 = Debug|Any CPU
		{2D447294-DA1D-40DB-B83B-C3671DDAA1C9}.Release|Any CPU.ActiveCfg = Release|Any CPU
		{2D447294-DA1D-40DB-B83B-C3671DDAA1C9}.Release|Any CPU.Build.0 = Release|Any CPU
		{0B3CA03C-AC98-4672-B561-1E60E261D00C}.Debug|Any CPU.ActiveCfg = Debug|Any CPU
		{0B3CA03C-AC98-4672-B561-1E60E261D00C}.Debug|Any CPU.Build.0 = Debug|Any CPU
		{0B3CA03C-AC98-4672-B561-1E60E261D00C}.Release|Any CPU.ActiveCfg = Release|Any CPU
		{0B3CA03C-AC98-4672-B561-1E60E261D00C}.Release|Any CPU.Build.0 = Release|Any CPU
	EndGlobalSection
	GlobalSection(SolutionProperties) = preSolution
		HideSolutionNode = FALSE
	EndGlobalSection
EndGlobal
